# THIS IS AN AUTOGENERATED FILE. DO NOT EDIT THIS FILE DIRECTLY.
# yarn lockfile v1


"@miniprogram-component-plus/emoji@^1.0.1":
  version "1.0.1"
  resolved "https://registry.npm.taobao.org/@miniprogram-component-plus/emoji/download/@miniprogram-component-plus/emoji-1.0.1.tgz#aeafb80ab20c358a1aedf4cf90729a8f47619f0d"
  integrity sha1-rq+4CrIMNYoa7fTPkHKaj0dhnw0=

js-shortid@^0.1.1:
  version "0.1.1"
  resolved "https://registry.npm.taobao.org/js-shortid/download/js-shortid-0.1.1.tgz#d174928946f9aec463a935b8a0cf8c19b67bdfd6"
  integrity sha1-0XSSiUb5rsRjqTW4oM+MGbZ739Y=

miniprogram-api-promise@^1.0.4:
  version "1.0.4"
  resolved "https://registry.npm.taobao.org/miniprogram-api-promise/download/miniprogram-api-promise-1.0.4.tgz#fefe9b72923fd31f88b12463b502cb457c892b4c"
  integrity sha1-/v6bcpI/0x+IsSRjtQLLRXyJK0w=

weui-miniprogram@^1.0.7:
  version "1.0.7"
  resolved "https://registry.npm.taobao.org/weui-miniprogram/download/weui-miniprogram-1.0.7.tgz#6fc0757896db5cc5ab3d97defee8966a0ae0ffb6"
  integrity sha1-b8B1eJbbXMWrPZfe/uiWagrg/7Y=
